
Microsoft Visual Studio Solution File, Format Version 12.00
# Visual Studio Version 17
VisualStudioVersion = 17.0.31612.314
MinimumVisualStudioVersion = 10.0.40219.1
Project("{2150E333-8FDC-42A3-9474-1A3956D46DE8}") = "Solution Items", "Solution Items", "{769D6B78-2A50-40F2-BCEE-DF5278EFE131}"
	ProjectSection(SolutionItems) = preProject
		.editorconfig = .editorconfig
	EndProjectSection
EndProject
Project("{9A19103F-16F7-4668-BE54-9A1E7A4F7556}") = "Simple.Enterprise.CQRS", "Simple.Enterprise.CQRS\Simple.Enterprise.CQRS.csproj", "{FF37EECB-E0B1-484E-AE71-9D29D178522F}"
EndProject
Project("{2150E333-8FDC-42A3-9474-1A3956D46DE8}") = "Simple.Enterprise.Sample", "Simple.Enterprise.Sample", "{310DD23A-AE65-4815-AFFD-B8EED4D9B2C9}"
EndProject
Project("{FAE04EC0-301F-11D3-BF4B-00C04F79EFBC}") = "Simple.Enterprise.Sample.Diary", "Simple.Enterprise.Sample\Simple.Enterprise.Sample.Diary\Simple.Enterprise.Sample.Diary.csproj", "{461B6E2B-4C1B-41D6-A7E0-AD3B5DD8CBD2}"
EndProject
Global
	GlobalSection(SolutionConfigurationPlatforms) = preSolution
		Debug|Any CPU = Debug|Any CPU
		Release|Any CPU = Release|Any CPU
	EndGlobalSection
	GlobalSection(ProjectConfigurationPlatforms) = postSolution
		{FF37EECB-E0B1-484E-AE71-9D29D178522F}.Debug|Any CPU.ActiveCfg = Debug|Any CPU
		{FF37EECB-E0B1-484E-AE71-9D29D178522F}.Debug|Any CPU.Build.0 = Debug|Any CPU
		{FF37EECB-E0B1-484E-AE71-9D29D178522F}.Release|Any CPU.ActiveCfg = Release|Any CPU
		{FF37EECB-E0B1-484E-AE71-9D29D178522F}.Release|Any CPU.Build.0 = Release|Any CPU
		{461B6E2B-4C1B-41D6-A7E0-AD3B5DD8CBD2}.Debug|Any CPU.ActiveCfg = Debug|Any CPU
		{461B6E2B-4C1B-41D6-A7E0-AD3B5DD8CBD2}.Debug|Any CPU.Build.0 = Debug|Any CPU
		{461B6E2B-4C1B-41D6-A7E0-AD3B5DD8CBD2}.Release|Any CPU.ActiveCfg = Release|Any CPU
		{461B6E2B-4C1B-41D6-A7E0-AD3B5DD8CBD2}.Release|Any CPU.Build.0 = Release|Any CPU
	EndGlobalSection
	GlobalSection(SolutionProperties) = preSolution
		HideSolutionNode = FALSE
	EndGlobalSection
	GlobalSection(NestedProjects) = preSolution
		{461B6E2B-4C1B-41D6-A7E0-AD3B5DD8CBD2} = {310DD23A-AE65-4815-AFFD-B8EED4D9B2C9}
	EndGlobalSection
	GlobalSection(ExtensibilityGlobals) = postSolution
		SolutionGuid = {4AA8E430-42B3-4B6C-99E7-A29B18C0DB9B}
	EndGlobalSection
EndGlobal
